{
  "name": "myapp",
  "version": "1.0.0",
  "lockfileVersion": 2,
  "requires": true,
  "packages": {
    "": {
      "name": "myapp",
      "version": "1.0.0",
      "license": "ISC",
      "dependencies": {
        "@iug122/fluentsql": "^2.0.0"
      }
    },
    "node_modules/@iug122/fluentsql": {
      "version": "2.0.0",
      "resolved": "https://registry.npmjs.org/@iug122/fluentsql/-/fluentsql-2.0.0.tgz",
      "integrity": "sha512-AxLt5aPzrxR51HNQa35GGlg3pLCW1X1VKhmnMdWgdLmIsFNgkbBqC9Pnh7/6g37nbjohu0SKP0dYorLNNOajVA=="
    }
  },
  "dependencies": {
    "@iug122/fluentsql": {
      "version": "2.0.0",
      "resolved": "https://registry.npmjs.org/@iug122/fluentsql/-/fluentsql-2.0.0.tgz",
      "integrity": "sha512-AxLt5aPzrxR51HNQa35GGlg3pLCW1X1VKhmnMdWgdLmIsFNgkbBqC9Pnh7/6g37nbjohu0SKP0dYorLNNOajVA=="
    }
  }
}
